
Microsoft Visual Studio Solution File, Format Version 12.00
Project("{FAE04EC0-301F-11D3-BF4B-00C04F79EFBC}") = "MultiplayerDedicatedServer", "MultiplayerDedicatedServer.csproj", "{6A5E36DB-7CE7-4BB4-8905-CC0B2CF66A8F}"
EndProject
Project("{FAE04EC0-301F-11D3-BF4B-00C04F79EFBC}") = "PBMultiplayerServer", "PBMultiplayerServer\PBMultiplayerServer.csproj", "{EE5732CF-52CA-49B8-8348-D8A6C0ED5E38}"
EndProject
Project("{FAE04EC0-301F-11D3-BF4B-00C04F79EFBC}") = "DedicatedServerIntegrationTests", "DedicatedServerIntegrationTests\DedicatedServerIntegrationTests.csproj", "{9A3307E3-F1F3-4D82-A4CB-19146B7292B5}"
EndProject
Project("{FAE04EC0-301F-11D3-BF4B-00C04F79EFBC}") = "PBMultiplayerServerTests", "PBMultiplayerServerTests\PBMultiplayerServerTests.csproj", "{1A4AD2A3-73C6-467C-91F0-50FC55FE1608}"
EndProject
Global
	GlobalSection(SolutionConfigurationPlatforms) = preSolution
		Debug|Any CPU = Debug|Any CPU
		Release|Any CPU = Release|Any CPU
	EndGlobalSection
	GlobalSection(ProjectConfigurationPlatforms) = postSolution
		{6A5E36DB-7CE7-4BB4-8905-CC0B2CF66A8F}.Debug|Any CPU.ActiveCfg = Debug|Any CPU
		{6A5E36DB-7CE7-4BB4-8905-CC0B2CF66A8F}.Debug|Any CPU.Build.0 = Debug|Any CPU
		{6A5E36DB-7CE7-4BB4-8905-CC0B2CF66A8F}.Release|Any CPU.ActiveCfg = Release|Any CPU
		{6A5E36DB-7CE7-4BB4-8905-CC0B2CF66A8F}.Release|Any CPU.Build.0 = Release|Any CPU
		{EE5732CF-52CA-49B8-8348-D8A6C0ED5E38}.Debug|Any CPU.ActiveCfg = Debug|Any CPU
		{EE5732CF-52CA-49B8-8348-D8A6C0ED5E38}.Debug|Any CPU.Build.0 = Debug|Any CPU
		{EE5732CF-52CA-49B8-8348-D8A6C0ED5E38}.Release|Any CPU.ActiveCfg = Release|Any CPU
		{EE5732CF-52CA-49B8-8348-D8A6C0ED5E38}.Release|Any CPU.Build.0 = Release|Any CPU
		{9A3307E3-F1F3-4D82-A4CB-19146B7292B5}.Debug|Any CPU.ActiveCfg = Debug|Any CPU
		{9A3307E3-F1F3-4D82-A4CB-19146B7292B5}.Debug|Any CPU.Build.0 = Debug|Any CPU
		{9A3307E3-F1F3-4D82-A4CB-19146B7292B5}.Release|Any CPU.ActiveCfg = Release|Any CPU
		{9A3307E3-F1F3-4D82-A4CB-19146B7292B5}.Release|Any CPU.Build.0 = Release|Any CPU
		{1A4AD2A3-73C6-467C-91F0-50FC55FE1608}.Debug|Any CPU.ActiveCfg = Debug|Any CPU
		{1A4AD2A3-73C6-467C-91F0-50FC55FE1608}.Debug|Any CPU.Build.0 = Debug|Any CPU
		{1A4AD2A3-73C6-467C-91F0-50FC55FE1608}.Release|Any CPU.ActiveCfg = Release|Any CPU
		{1A4AD2A3-73C6-467C-91F0-50FC55FE1608}.Release|Any CPU.Build.0 = Release|Any CPU
	EndGlobalSection
EndGlobal
